// !$*UTF8*$!
{
	archiveVersion = 1;
	classes = {
	};
	objectVersion = 46;
	objects = {

/* Begin PBXBuildFile section */
		65C1A9C91E3953D100AFCD11 /* AppDelegate.swift in Sources */ = {isa = PBXBuildFile; fileRef = 65C1A9C81E3953D100AFCD11 /* AppDelegate.swift */; };
		65C1A9CB1E3953D100AFCD11 /* ViewController.swift in Sources */ = {isa = PBXBuildFile; fileRef = 65C1A9CA1E3953D100AFCD11 /* ViewController.swift */; };
		65C1A9CE1E3953D100AFCD11 /* Main.storyboard in Resources */ = {isa = PBXBuildFile; fileRef = 65C1A9CC1E3953D100AFCD11 /* Main.storyboard */; };
		65C1A9D01E3953D100AFCD11 /* Assets.xcassets in Resources */ = {isa = PBXBuildFile; fileRef = 65C1A9CF1E3953D100AFCD11 /* Assets.xcassets */; };
		65C1A9D31E3953D100AFCD11 /* LaunchScreen.storyboard in Resources */ = {isa = PBXBuildFile; fileRef = 65C1A9D11E3953D100AFCD11 /* LaunchScreen.storyboard */; };
/* End PBXBuildFile section */

/* Begin PBXFileReference section */
		65C1A9C51E3953D100AFCD11 /* Assignment_1.1.app */ = {isa = PBXFileReference; explicitFileType = wrapper.application; includeInIndex = 0; path = Assignment_1.1.app; sourceTree = BUILT_PRODUCTS_DIR; };
		65C1A9C81E3953D100AFCD11 /* AppDelegate.swift */ = {isa = PBXFileReference; lastKnownFileType = sourcecode.swift; path = AppDelegate.swift; sourceTree = "<group>"; };
		65C1A9CA1E3953D100AFCD11 /* ViewController.swift */ = {isa = PBXFileReference; lastKnownFileType = sourcecode.swift; path = ViewController.swift; sourceTree = "<group>"; };
		65C1A9CD1E3953D100AFCD11 /* Base */ = {isa = PBXFileReference; lastKnownFileType = file.storyboard; name = Base; path = Base.lproj/Main.storyboard; sourceTree = "<group>"; };
		65C1A9CF1E3953D100AFCD11 /* Assets.xcassets */ = {isa = PBXFileReference; lastKnownFileType = folder.assetcatalog; path = Assets.xcassets; sourceTree = "<group>"; };
		65C1A9D21E3953D100AFCD11 /* Base */ = {isa = PBXFileReference; lastKnownFileType = file.storyboard; name = Base; path = Base.lproj/LaunchScreen.storyboard; sourceTree = "<group>"; };
		65C1A9D41E3953D100AFCD11 /* Info.plist */ = {isa = PBXFileReference; lastKnownFileType = text.plist.xml; path = Info.plist; sourceTree = "<group>"; };
/* End PBXFileReference section */

/* Begin PBXFrameworksBuildPhase section */
		65C1A9C21E3953D000AFCD11 /* Frameworks */ = {
			isa = PBXFrameworksBuildPhase;
			buildActionMask = 2147483647;
			files = (
			);
			runOnlyForDeploymentPostprocessing = 0;
		};
/* End PBXFrameworksBuildPhase section */

/* Begin PBXGroup section */
		65C1A9BC1E3953D000AFCD11 = {
			isa = PBXGroup;
			children = (
				65C1A9C71E3953D100AFCD11 /* Assignment_1.1 */,
				65C1A9C61E3953D100AFCD11 /* Products */,
			);
			sourceTree = "<group>";
		};
		65C1A9C61E3953D100AFCD11 /* Products */ = {
			isa = PBXGroup;
			children = (
				65C1A9C51E3953D100AFCD11 /* Assignment_1.1.app */,
			);
			name = Products;
			sourceTree = "<group>";
		};
		65C1A9C71E3953D100AFCD11 /* Assignment_1.1 */ = {
			isa = PBXGroup;
			children = (
				65C1A9C81E3953D100AFCD11 /* AppDelegate.swift */,
				65C1A9CA1E3953D100AFCD11 /* ViewController.swift */,
				65C1A9CC1E3953D100AFCD11 /* Main.storyboard */,
				65C1A9CF1E3953D100AFCD11 /* Assets.xcassets */,
				65C1A9D11E3953D100AFCD11 /* LaunchScreen.storyboard */,
				65C1A9D41E3953D100AFCD11 /* Info.plist */,
			);
			name = Assignment_1.1;
			path = Assignment_1;
			sourceTree = "<group>";
		};
/* End PBXGroup section */

/* Begin PBXNativeTarget section */
		65C1A9C41E3953D000AFCD11 /* Assignment_1.1 */ = {
			isa = PBXNativeTarget;
			buildConfigurationList = 65C1A9D71E3953D100AFCD11 /* Build configuration list for PBXNativeTarget "Assignment_1.1" */;
			buildPhases = (
				65C1A9C11E3953D000AFCD11 /* Sources */,
				65C1A9C21E3953D000AFCD11 /* Frameworks */,
				65C1A9C31E3953D000AFCD11 /* Resources */,
			);
			buildRules = (
			);
			dependencies = (
			);
			name = Assignment_1.1;
			productName = Assignment_1;
			productReference = 65C1A9C51E3953D100AFCD11 /* Assignment_1.1.app */;
			productType = "com.apple.product-type.application";
		};
/* End PBXNativeTarget section */

/* Begin PBXProject section */
		65C1A9BD1E3953D000AFCD11 /* Project object */ = {
			isa = PBXProject;
			attributes = {
				LastSwiftUpdateCheck = 0710;
				LastUpgradeCheck = 0710;
				ORGANIZATIONNAME = Madrigal.Jesus;
				TargetAttributes = {
					65C1A9C41E3953D000AFCD11 = {
						CreatedOnToolsVersion = 7.1.1;
					};
				};
			};
			buildConfigurationList = 65C1A9C01E3953D000AFCD11 /* Build configuration list for PBXProject "Assignment_1.1" */;
			compatibilityVersion = "Xcode 3.2";
			developmentRegion = English;
			hasScannedForEncodings = 0;
			knownRegions = (
				en,
				Base,
			);
			mainGroup = 65C1A9BC1E3953D000AFCD11;
			productRefGroup = 65C1A9C61E3953D100AFCD11 /* Products */;
			projectDirPath = "";
			projectRoot = "";
			targets = (
				65C1A9C41E3953D000AFCD11 /* Assignment_1.1 */,
			);
		};
/* End PBXProject section */

/* Begin PBXResourcesBuildPhase section */
		65C1A9C31E3953D000AFCD11 /* Resources */ = {
			isa = PBXResourcesBuildPhase;
			buildActionMask = 2147483647;
			files = (
				65C1A9D31E3953D100AFCD11 /* LaunchScreen.storyboard in Resources */,
				65C1A9D01E3953D100AFCD11 /* Assets.xcassets in Resources */,
				65C1A9CE1E3953D100AFCD11 /* Main.storyboard in Resources */,
			);
			runOnlyForDeploymentPostprocessing = 0;
		};
/* End PBXResourcesBuildPhase section */

/* Begin PBXSourcesBuildPhase section */
		65C1A9C11E3953D000AFCD11 /* Sources */ = {
			isa = PBXSourcesBuildPhase;
			buildActionMask = 2147483647;
			files = (
				65C1A9CB1E3953D100AFCD11 /* ViewController.swift in Sources */,
				65C1A9C91E3953D100AFCD11 /* AppDelegate.swift in Sources */,
			);
			runOnlyForDeploymentPostprocessing = 0;
		};
/* End PBXSourcesBuildPhase section */

/* Begin PBXVariantGroup section */
		65C1A9CC1E3953D100AFCD11 /* Main.storyboard */ = {
			isa = PBXVariantGroup;
			children = (
				65C1A9CD1E3953D100AFCD11 /* Base */,
			);
			name = Main.storyboard;
			sourceTree = "<group>";
		};
		65C1A9D11E3953D100AFCD11 /* LaunchScreen.storyboard */ = {
			isa = PBXVariantGroup;
			children = (
				65C1A9D21E3953D100AFCD11 /* Base */,
			);
			name = LaunchScreen.storyboard;
			sourceTree = "<group>";
		};
/* End PBXVariantGroup section */

/* Begin XCBuildConfiguration section */
		65C1A9D51E3953D100AFCD11 /* Debug */ = {
			isa = XCBuildConfiguration;
			buildSettings = {
				ALWAYS_SEARCH_USER_PATHS = NO;
				CLANG_CXX_LANGUAGE_STANDARD = "gnu++0x";
				CLANG_CXX_LIBRARY = "libc++";
				CLANG_ENABLE_MODULES = YES;
				CLANG_ENABLE_OBJC_ARC = YES;
				CLANG_WARN_BOOL_CONVERSION = YES;
				CLANG_WARN_CONSTANT_CONVERSION = YES;
				CLANG_WARN_DIRECT_OBJC_ISA_USAGE = YES_ERROR;
				CLANG_WARN_EMPTY_BODY = YES;
				CLANG_WARN_ENUM_CONVERSION = YES;
				CLANG_WARN_INT_CONVERSION = YES;
				CLANG_WARN_OBJC_ROOT_CLASS = YES_ERROR;
				CLANG_WARN_UNREACHABLE_CODE = YES;
				CLANG_WARN__DUPLICATE_METHOD_MATCH = YES;
				"CODE_SIGN_IDENTITY[sdk=iphoneos*]" = "iPhone Developer";
				COPY_PHASE_STRIP = NO;
				DEBUG_INFORMATION_FORMAT = dwarf;
				ENABLE_STRICT_OBJC_MSGSEND = YES;
				ENABLE_TESTABILITY = YES;
				GCC_C_LANGUAGE_STANDARD = gnu99;
				GCC_DYNAMIC_NO_PIC = NO;
				GCC_NO_COMMON_BLOCKS = YES;
				GCC_OPTIMIZATION_LEVEL = 0;
				GCC_PREPROCESSOR_DEFINITIONS = (
					"DEBUG=1",
					"$(inherited)",
				);
				GCC_WARN_64_TO_32_BIT_CONVERSION = YES;
				GCC_WARN_ABOUT_RETURN_TYPE = YES_ERROR;
				GCC_WARN_UNDECLARED_SELECTOR = YES;
				GCC_WARN_UNINITIALIZED_AUTOS = YES_AGGRESSIVE;
				GCC_WARN_UNUSED_FUNCTION = YES;
				GCC_WARN_UNUSED_VARIABLE = YES;
				IPHONEOS_DEPLOYMENT_TARGET = 9.1;
				MTL_ENABLE_DEBUG_INFO = YES;
				ONLY_ACTIVE_ARCH = YES;
				SDKROOT = iphoneos;
				SWIFT_OPTIMIZATION_LEVEL = "-Onone";
			};
			name = Debug;
		};
		65C1A9D61E3953D100AFCD11 /* Release */ = {
			isa = XCBuildConfiguration;
			buildSettings = {
				ALWAYS_SEARCH_USER_PATHS = NO;
				CLANG_CXX_LANGUAGE_STANDARD = "gnu++0x";
				CLANG_CXX_LIBRARY = "libc++";
				CLANG_ENABLE_MODULES = YES;
				CLANG_ENABLE_OBJC_ARC = YES;
				CLANG_WARN_BOOL_CONVERSION = YES;
				CLANG_WARN_CONSTANT_CONVERSION = YES;
				CLANG_WARN_DIRECT_OBJC_ISA_USAGE = YES_ERROR;
				CLANG_WARN_EMPTY_BODY = YES;
				CLANG_WARN_ENUM_CONVERSION = YES;
				CLANG_WARN_INT_CONVERSION = YES;
				CLANG_WARN_OBJC_ROOT_CLASS = YES_ERROR;
				CLANG_WARN_UNREACHABLE_CODE = YES;
				CLANG_WARN__DUPLICATE_METHOD_MATCH = YES;
				"CODE_SIGN_IDENTITY[sdk=iphoneos*]" = "iPhone Developer";
				COPY_PHASE_STRIP = NO;
				DEBUG_INFORMATION_FORMAT = "dwarf-with-dsym";
				ENABLE_NS_ASSERTIONS = NO;
				ENABLE_STRICT_OBJC_MSGSEND = YES;
				GCC_C_LANGUAGE_STANDARD = gnu99;
				GCC_NO_COMMON_BLOCKS = YES;
				GCC_WARN_64_TO_32_BIT_CONVERSION = YES;
				GCC_WARN_ABOUT_RETURN_TYPE = YES_ERROR;
				GCC_WARN_UNDECLARED_SELECTOR = YES;
				GCC_WARN_UNINITIALIZED_AUTOS = YES_AGGRESSIVE;
				GCC_WARN_UNUSED_FUNCTION = YES;
				GCC_WARN_UNUSED_VARIABLE = YES;
				IPHONEOS_DEPLOYMENT_TARGET = 9.1;
				MTL_ENABLE_DEBUG_INFO = NO;
				SDKROOT = iphoneos;
				VALIDATE_PRODUCT = YES;
			};
			name = Release;
		};
		65C1A9D81E3953D100AFCD11 /* Debug */ = {
			isa = XCBuildConfiguration;
			buildSettings = {
				ASSETCATALOG_COMPILER_APPICON_NAME = AppIcon;
				INFOPLIST_FILE = Assignment_1/Info.plist;
				LD_RUNPATH_SEARCH_PATHS = "$(inherited) @executable_path/Frameworks";
				PRODUCT_BUNDLE_IDENTIFIER = "Madrigal.Jesus.Assignment-1.Assignment-1";
				PRODUCT_NAME = Assignment_1.1;
			};
			name = Debug;
		};
		65C1A9D91E3953D100AFCD11 /* Release */ = {
			isa = XCBuildConfiguration;
			buildSettings = {
				ASSETCATALOG_COMPILER_APPICON_NAME = AppIcon;
				INFOPLIST_FILE = Assignment_1/Info.plist;
				LD_RUNPATH_SEARCH_PATHS = "$(inherited) @executable_path/Frameworks";
				PRODUCT_BUNDLE_IDENTIFIER = "Madrigal.Jesus.Assignment-1.Assignment-1";
				PRODUCT_NAME = Assignment_1.1;
			};
			name = Release;
		};
/* End XCBuildConfiguration section */

/* Begin XCConfigurationList section */
		65C1A9C01E3953D000AFCD11 /* Build configuration list for PBXProject "Assignment_1.1" */ = {
			isa = XCConfigurationList;
			buildConfigurations = (
				65C1A9D51E3953D100AFCD11 /* Debug */,
				65C1A9D61E3953D100AFCD11 /* Release */,
			);
			defaultConfigurationIsVisible = 0;
			defaultConfigurationName = Release;
		};
		65C1A9D71E3953D100AFCD11 /* Build configuration list for PBXNativeTarget "Assignment_1.1" */ = {
			isa = XCConfigurationList;
			buildConfigurations = (
				65C1A9D81E3953D100AFCD11 /* Debug */,
				65C1A9D91E3953D100AFCD11 /* Release */,
			);
			defaultConfigurationIsVisible = 0;
		};
/* End XCConfigurationList section */
	};
	rootObject = 65C1A9BD1E3953D000AFCD11 /* Project object */;
}
