// !$*UTF8*$!
{
	archiveVersion = 1;
	classes = {
	};
	objectVersion = 46;
	objects = {

/* Begin PBXBuildFile section */
		6507600D1E428C56002B3F42 /* AppDelegate.swift in Sources */ = {isa = PBXBuildFile; fileRef = 6507600C1E428C56002B3F42 /* AppDelegate.swift */; };
		6507600F1E428C56002B3F42 /* ViewController.swift in Sources */ = {isa = PBXBuildFile; fileRef = 6507600E1E428C56002B3F42 /* ViewController.swift */; };
		650760121E428C56002B3F42 /* Main.storyboard in Resources */ = {isa = PBXBuildFile; fileRef = 650760101E428C56002B3F42 /* Main.storyboard */; };
		650760141E428C56002B3F42 /* Assets.xcassets in Resources */ = {isa = PBXBuildFile; fileRef = 650760131E428C56002B3F42 /* Assets.xcassets */; };
		650760171E428C56002B3F42 /* LaunchScreen.storyboard in Resources */ = {isa = PBXBuildFile; fileRef = 650760151E428C56002B3F42 /* LaunchScreen.storyboard */; };
/* End PBXBuildFile section */

/* Begin PBXFileReference section */
		650760091E428C56002B3F42 /* Assignment_2.2.app */ = {isa = PBXFileReference; explicitFileType = wrapper.application; includeInIndex = 0; path = Assignment_2.2.app; sourceTree = BUILT_PRODUCTS_DIR; };
		6507600C1E428C56002B3F42 /* AppDelegate.swift */ = {isa = PBXFileReference; lastKnownFileType = sourcecode.swift; path = AppDelegate.swift; sourceTree = "<group>"; };
		6507600E1E428C56002B3F42 /* ViewController.swift */ = {isa = PBXFileReference; lastKnownFileType = sourcecode.swift; path = ViewController.swift; sourceTree = "<group>"; };
		650760111E428C56002B3F42 /* Base */ = {isa = PBXFileReference; lastKnownFileType = file.storyboard; name = Base; path = Base.lproj/Main.storyboard; sourceTree = "<group>"; };
		650760131E428C56002B3F42 /* Assets.xcassets */ = {isa = PBXFileReference; lastKnownFileType = folder.assetcatalog; path = Assets.xcassets; sourceTree = "<group>"; };
		650760161E428C56002B3F42 /* Base */ = {isa = PBXFileReference; lastKnownFileType = file.storyboard; name = Base; path = Base.lproj/LaunchScreen.storyboard; sourceTree = "<group>"; };
		650760181E428C56002B3F42 /* Info.plist */ = {isa = PBXFileReference; lastKnownFileType = text.plist.xml; path = Info.plist; sourceTree = "<group>"; };
/* End PBXFileReference section */

/* Begin PBXFrameworksBuildPhase section */
		650760061E428C56002B3F42 /* Frameworks */ = {
			isa = PBXFrameworksBuildPhase;
			buildActionMask = 2147483647;
			files = (
			);
			runOnlyForDeploymentPostprocessing = 0;
		};
/* End PBXFrameworksBuildPhase section */

/* Begin PBXGroup section */
		650760001E428C56002B3F42 = {
			isa = PBXGroup;
			children = (
				6507600B1E428C56002B3F42 /* Assignment_2.2 */,
				6507600A1E428C56002B3F42 /* Products */,
			);
			sourceTree = "<group>";
		};
		6507600A1E428C56002B3F42 /* Products */ = {
			isa = PBXGroup;
			children = (
				650760091E428C56002B3F42 /* Assignment_2.2.app */,
			);
			name = Products;
			sourceTree = "<group>";
		};
		6507600B1E428C56002B3F42 /* Assignment_2.2 */ = {
			isa = PBXGroup;
			children = (
				6507600C1E428C56002B3F42 /* AppDelegate.swift */,
				6507600E1E428C56002B3F42 /* ViewController.swift */,
				650760101E428C56002B3F42 /* Main.storyboard */,
				650760131E428C56002B3F42 /* Assets.xcassets */,
				650760151E428C56002B3F42 /* LaunchScreen.storyboard */,
				650760181E428C56002B3F42 /* Info.plist */,
			);
			path = Assignment_2.2;
			sourceTree = "<group>";
		};
/* End PBXGroup section */

/* Begin PBXNativeTarget section */
		650760081E428C56002B3F42 /* Assignment_2.2 */ = {
			isa = PBXNativeTarget;
			buildConfigurationList = 6507601B1E428C56002B3F42 /* Build configuration list for PBXNativeTarget "Assignment_2.2" */;
			buildPhases = (
				650760051E428C56002B3F42 /* Sources */,
				650760061E428C56002B3F42 /* Frameworks */,
				650760071E428C56002B3F42 /* Resources */,
			);
			buildRules = (
			);
			dependencies = (
			);
			name = Assignment_2.2;
			productName = Assignment_2.2;
			productReference = 650760091E428C56002B3F42 /* Assignment_2.2.app */;
			productType = "com.apple.product-type.application";
		};
/* End PBXNativeTarget section */

/* Begin PBXProject section */
		650760011E428C56002B3F42 /* Project object */ = {
			isa = PBXProject;
			attributes = {
				LastSwiftUpdateCheck = 0710;
				LastUpgradeCheck = 0710;
				ORGANIZATIONNAME = Madrigal.Jesus;
				TargetAttributes = {
					650760081E428C56002B3F42 = {
						CreatedOnToolsVersion = 7.1.1;
					};
				};
			};
			buildConfigurationList = 650760041E428C56002B3F42 /* Build configuration list for PBXProject "Assignment_2.2" */;
			compatibilityVersion = "Xcode 3.2";
			developmentRegion = English;
			hasScannedForEncodings = 0;
			knownRegions = (
				en,
				Base,
			);
			mainGroup = 650760001E428C56002B3F42;
			productRefGroup = 6507600A1E428C56002B3F42 /* Products */;
			projectDirPath = "";
			projectRoot = "";
			targets = (
				650760081E428C56002B3F42 /* Assignment_2.2 */,
			);
		};
/* End PBXProject section */

/* Begin PBXResourcesBuildPhase section */
		650760071E428C56002B3F42 /* Resources */ = {
			isa = PBXResourcesBuildPhase;
			buildActionMask = 2147483647;
			files = (
				650760171E428C56002B3F42 /* LaunchScreen.storyboard in Resources */,
				650760141E428C56002B3F42 /* Assets.xcassets in Resources */,
				650760121E428C56002B3F42 /* Main.storyboard in Resources */,
			);
			runOnlyForDeploymentPostprocessing = 0;
		};
/* End PBXResourcesBuildPhase section */

/* Begin PBXSourcesBuildPhase section */
		650760051E428C56002B3F42 /* Sources */ = {
			isa = PBXSourcesBuildPhase;
			buildActionMask = 2147483647;
			files = (
				6507600F1E428C56002B3F42 /* ViewController.swift in Sources */,
				6507600D1E428C56002B3F42 /* AppDelegate.swift in Sources */,
			);
			runOnlyForDeploymentPostprocessing = 0;
		};
/* End PBXSourcesBuildPhase section */

/* Begin PBXVariantGroup section */
		650760101E428C56002B3F42 /* Main.storyboard */ = {
			isa = PBXVariantGroup;
			children = (
				650760111E428C56002B3F42 /* Base */,
			);
			name = Main.storyboard;
			sourceTree = "<group>";
		};
		650760151E428C56002B3F42 /* LaunchScreen.storyboard */ = {
			isa = PBXVariantGroup;
			children = (
				650760161E428C56002B3F42 /* Base */,
			);
			name = LaunchScreen.storyboard;
			sourceTree = "<group>";
		};
/* End PBXVariantGroup section */

/* Begin XCBuildConfiguration section */
		650760191E428C56002B3F42 /* Debug */ = {
			isa = XCBuildConfiguration;
			buildSettings = {
				ALWAYS_SEARCH_USER_PATHS = NO;
				CLANG_CXX_LANGUAGE_STANDARD = "gnu++0x";
				CLANG_CXX_LIBRARY = "libc++";
				CLANG_ENABLE_MODULES = YES;
				CLANG_ENABLE_OBJC_ARC = YES;
				CLANG_WARN_BOOL_CONVERSION = YES;
				CLANG_WARN_CONSTANT_CONVERSION = YES;
				CLANG_WARN_DIRECT_OBJC_ISA_USAGE = YES_ERROR;
				CLANG_WARN_EMPTY_BODY = YES;
				CLANG_WARN_ENUM_CONVERSION = YES;
				CLANG_WARN_INT_CONVERSION = YES;
				CLANG_WARN_OBJC_ROOT_CLASS = YES_ERROR;
				CLANG_WARN_UNREACHABLE_CODE = YES;
				CLANG_WARN__DUPLICATE_METHOD_MATCH = YES;
				"CODE_SIGN_IDENTITY[sdk=iphoneos*]" = "iPhone Developer";
				COPY_PHASE_STRIP = NO;
				DEBUG_INFORMATION_FORMAT = dwarf;
				ENABLE_STRICT_OBJC_MSGSEND = YES;
				ENABLE_TESTABILITY = YES;
				GCC_C_LANGUAGE_STANDARD = gnu99;
				GCC_DYNAMIC_NO_PIC = NO;
				GCC_NO_COMMON_BLOCKS = YES;
				GCC_OPTIMIZATION_LEVEL = 0;
				GCC_PREPROCESSOR_DEFINITIONS = (
					"DEBUG=1",
					"$(inherited)",
				);
				GCC_WARN_64_TO_32_BIT_CONVERSION = YES;
				GCC_WARN_ABOUT_RETURN_TYPE = YES_ERROR;
				GCC_WARN_UNDECLARED_SELECTOR = YES;
				GCC_WARN_UNINITIALIZED_AUTOS = YES_AGGRESSIVE;
				GCC_WARN_UNUSED_FUNCTION = YES;
				GCC_WARN_UNUSED_VARIABLE = YES;
				IPHONEOS_DEPLOYMENT_TARGET = 9.1;
				MTL_ENABLE_DEBUG_INFO = YES;
				ONLY_ACTIVE_ARCH = YES;
				SDKROOT = iphoneos;
				SWIFT_OPTIMIZATION_LEVEL = "-Onone";
			};
			name = Debug;
		};
		6507601A1E428C56002B3F42 /* Release */ = {
			isa = XCBuildConfiguration;
			buildSettings = {
				ALWAYS_SEARCH_USER_PATHS = NO;
				CLANG_CXX_LANGUAGE_STANDARD = "gnu++0x";
				CLANG_CXX_LIBRARY = "libc++";
				CLANG_ENABLE_MODULES = YES;
				CLANG_ENABLE_OBJC_ARC = YES;
				CLANG_WARN_BOOL_CONVERSION = YES;
				CLANG_WARN_CONSTANT_CONVERSION = YES;
				CLANG_WARN_DIRECT_OBJC_ISA_USAGE = YES_ERROR;
				CLANG_WARN_EMPTY_BODY = YES;
				CLANG_WARN_ENUM_CONVERSION = YES;
				CLANG_WARN_INT_CONVERSION = YES;
				CLANG_WARN_OBJC_ROOT_CLASS = YES_ERROR;
				CLANG_WARN_UNREACHABLE_CODE = YES;
				CLANG_WARN__DUPLICATE_METHOD_MATCH = YES;
				"CODE_SIGN_IDENTITY[sdk=iphoneos*]" = "iPhone Developer";
				COPY_PHASE_STRIP = NO;
				DEBUG_INFORMATION_FORMAT = "dwarf-with-dsym";
				ENABLE_NS_ASSERTIONS = NO;
				ENABLE_STRICT_OBJC_MSGSEND = YES;
				GCC_C_LANGUAGE_STANDARD = gnu99;
				GCC_NO_COMMON_BLOCKS = YES;
				GCC_WARN_64_TO_32_BIT_CONVERSION = YES;
				GCC_WARN_ABOUT_RETURN_TYPE = YES_ERROR;
				GCC_WARN_UNDECLARED_SELECTOR = YES;
				GCC_WARN_UNINITIALIZED_AUTOS = YES_AGGRESSIVE;
				GCC_WARN_UNUSED_FUNCTION = YES;
				GCC_WARN_UNUSED_VARIABLE = YES;
				IPHONEOS_DEPLOYMENT_TARGET = 9.1;
				MTL_ENABLE_DEBUG_INFO = NO;
				SDKROOT = iphoneos;
				VALIDATE_PRODUCT = YES;
			};
			name = Release;
		};
		6507601C1E428C56002B3F42 /* Debug */ = {
			isa = XCBuildConfiguration;
			buildSettings = {
				ASSETCATALOG_COMPILER_APPICON_NAME = AppIcon;
				INFOPLIST_FILE = Assignment_2.2/Info.plist;
				LD_RUNPATH_SEARCH_PATHS = "$(inherited) @executable_path/Frameworks";
				PRODUCT_BUNDLE_IDENTIFIER = "Madrigal.Jesus.MAIS.Assignment-2-2";
				PRODUCT_NAME = "$(TARGET_NAME)";
			};
			name = Debug;
		};
		6507601D1E428C56002B3F42 /* Release */ = {
			isa = XCBuildConfiguration;
			buildSettings = {
				ASSETCATALOG_COMPILER_APPICON_NAME = AppIcon;
				INFOPLIST_FILE = Assignment_2.2/Info.plist;
				LD_RUNPATH_SEARCH_PATHS = "$(inherited) @executable_path/Frameworks";
				PRODUCT_BUNDLE_IDENTIFIER = "Madrigal.Jesus.MAIS.Assignment-2-2";
				PRODUCT_NAME = "$(TARGET_NAME)";
			};
			name = Release;
		};
/* End XCBuildConfiguration section */

/* Begin XCConfigurationList section */
		650760041E428C56002B3F42 /* Build configuration list for PBXProject "Assignment_2.2" */ = {
			isa = XCConfigurationList;
			buildConfigurations = (
				650760191E428C56002B3F42 /* Debug */,
				6507601A1E428C56002B3F42 /* Release */,
			);
			defaultConfigurationIsVisible = 0;
			defaultConfigurationName = Release;
		};
		6507601B1E428C56002B3F42 /* Build configuration list for PBXNativeTarget "Assignment_2.2" */ = {
			isa = XCConfigurationList;
			buildConfigurations = (
				6507601C1E428C56002B3F42 /* Debug */,
				6507601D1E428C56002B3F42 /* Release */,
			);
			defaultConfigurationIsVisible = 0;
		};
/* End XCConfigurationList section */
	};
	rootObject = 650760011E428C56002B3F42 /* Project object */;
}
