// !$*UTF8*$!
{
	archiveVersion = 1;
	classes = {
	};
	objectVersion = 46;
	objects = {

/* Begin PBXBuildFile section */
		6517DFCE1E6761C100357663 /* AppDelegate.swift in Sources */ = {isa = PBXBuildFile; fileRef = 6517DFCD1E6761C100357663 /* AppDelegate.swift */; };
		6517DFD01E6761C100357663 /* PaniniViewController.swift in Sources */ = {isa = PBXBuildFile; fileRef = 6517DFCF1E6761C100357663 /* PaniniViewController.swift */; };
		6517DFD31E6761C100357663 /* Main.storyboard in Resources */ = {isa = PBXBuildFile; fileRef = 6517DFD11E6761C100357663 /* Main.storyboard */; };
		6517DFD51E6761C100357663 /* Assets.xcassets in Resources */ = {isa = PBXBuildFile; fileRef = 6517DFD41E6761C100357663 /* Assets.xcassets */; };
		6517DFD81E6761C100357663 /* LaunchScreen.storyboard in Resources */ = {isa = PBXBuildFile; fileRef = 6517DFD61E6761C100357663 /* LaunchScreen.storyboard */; };
		6517DFE01E67649900357663 /* Panini.swift in Sources */ = {isa = PBXBuildFile; fileRef = 6517DFDF1E67649900357663 /* Panini.swift */; };
		6517DFE21E67727400357663 /* PaniniStore.swift in Sources */ = {isa = PBXBuildFile; fileRef = 6517DFE11E67727400357663 /* PaniniStore.swift */; };
/* End PBXBuildFile section */

/* Begin PBXFileReference section */
		6517DFCA1E6761C100357663 /* Hot Off the Press.app */ = {isa = PBXFileReference; explicitFileType = wrapper.application; includeInIndex = 0; path = "Hot Off the Press.app"; sourceTree = BUILT_PRODUCTS_DIR; };
		6517DFCD1E6761C100357663 /* AppDelegate.swift */ = {isa = PBXFileReference; lastKnownFileType = sourcecode.swift; path = AppDelegate.swift; sourceTree = "<group>"; };
		6517DFCF1E6761C100357663 /* PaniniViewController.swift */ = {isa = PBXFileReference; lastKnownFileType = sourcecode.swift; path = PaniniViewController.swift; sourceTree = "<group>"; };
		6517DFD21E6761C100357663 /* Base */ = {isa = PBXFileReference; lastKnownFileType = file.storyboard; name = Base; path = Base.lproj/Main.storyboard; sourceTree = "<group>"; };
		6517DFD41E6761C100357663 /* Assets.xcassets */ = {isa = PBXFileReference; lastKnownFileType = folder.assetcatalog; path = Assets.xcassets; sourceTree = "<group>"; };
		6517DFD71E6761C100357663 /* Base */ = {isa = PBXFileReference; lastKnownFileType = file.storyboard; name = Base; path = Base.lproj/LaunchScreen.storyboard; sourceTree = "<group>"; };
		6517DFD91E6761C100357663 /* Info.plist */ = {isa = PBXFileReference; lastKnownFileType = text.plist.xml; path = Info.plist; sourceTree = "<group>"; };
		6517DFDF1E67649900357663 /* Panini.swift */ = {isa = PBXFileReference; fileEncoding = 4; lastKnownFileType = sourcecode.swift; path = Panini.swift; sourceTree = "<group>"; };
		6517DFE11E67727400357663 /* PaniniStore.swift */ = {isa = PBXFileReference; fileEncoding = 4; lastKnownFileType = sourcecode.swift; path = PaniniStore.swift; sourceTree = "<group>"; };
/* End PBXFileReference section */

/* Begin PBXFrameworksBuildPhase section */
		6517DFC71E6761C100357663 /* Frameworks */ = {
			isa = PBXFrameworksBuildPhase;
			buildActionMask = 2147483647;
			files = (
			);
			runOnlyForDeploymentPostprocessing = 0;
		};
/* End PBXFrameworksBuildPhase section */

/* Begin PBXGroup section */
		6517DFC11E6761C100357663 = {
			isa = PBXGroup;
			children = (
				6517DFCC1E6761C100357663 /* Hot Off the Press */,
				6517DFCB1E6761C100357663 /* Products */,
			);
			sourceTree = "<group>";
		};
		6517DFCB1E6761C100357663 /* Products */ = {
			isa = PBXGroup;
			children = (
				6517DFCA1E6761C100357663 /* Hot Off the Press.app */,
			);
			name = Products;
			sourceTree = "<group>";
		};
		6517DFCC1E6761C100357663 /* Hot Off the Press */ = {
			isa = PBXGroup;
			children = (
				6517DFCD1E6761C100357663 /* AppDelegate.swift */,
				6517DFE11E67727400357663 /* PaniniStore.swift */,
				6517DFCF1E6761C100357663 /* PaniniViewController.swift */,
				6517DFD11E6761C100357663 /* Main.storyboard */,
				6517DFD41E6761C100357663 /* Assets.xcassets */,
				6517DFD61E6761C100357663 /* LaunchScreen.storyboard */,
				6517DFD91E6761C100357663 /* Info.plist */,
				6517DFDF1E67649900357663 /* Panini.swift */,
			);
			path = "Hot Off the Press";
			sourceTree = "<group>";
		};
/* End PBXGroup section */

/* Begin PBXNativeTarget section */
		6517DFC91E6761C100357663 /* Hot Off the Press */ = {
			isa = PBXNativeTarget;
			buildConfigurationList = 6517DFDC1E6761C100357663 /* Build configuration list for PBXNativeTarget "Hot Off the Press" */;
			buildPhases = (
				6517DFC61E6761C100357663 /* Sources */,
				6517DFC71E6761C100357663 /* Frameworks */,
				6517DFC81E6761C100357663 /* Resources */,
			);
			buildRules = (
			);
			dependencies = (
			);
			name = "Hot Off the Press";
			productName = "Hot Off the Press";
			productReference = 6517DFCA1E6761C100357663 /* Hot Off the Press.app */;
			productType = "com.apple.product-type.application";
		};
/* End PBXNativeTarget section */

/* Begin PBXProject section */
		6517DFC21E6761C100357663 /* Project object */ = {
			isa = PBXProject;
			attributes = {
				LastSwiftUpdateCheck = 0710;
				LastUpgradeCheck = 0710;
				ORGANIZATIONNAME = Madrigal.Jesus;
				TargetAttributes = {
					6517DFC91E6761C100357663 = {
						CreatedOnToolsVersion = 7.1.1;
					};
				};
			};
			buildConfigurationList = 6517DFC51E6761C100357663 /* Build configuration list for PBXProject "Hot Off the Press" */;
			compatibilityVersion = "Xcode 3.2";
			developmentRegion = English;
			hasScannedForEncodings = 0;
			knownRegions = (
				en,
				Base,
			);
			mainGroup = 6517DFC11E6761C100357663;
			productRefGroup = 6517DFCB1E6761C100357663 /* Products */;
			projectDirPath = "";
			projectRoot = "";
			targets = (
				6517DFC91E6761C100357663 /* Hot Off the Press */,
			);
		};
/* End PBXProject section */

/* Begin PBXResourcesBuildPhase section */
		6517DFC81E6761C100357663 /* Resources */ = {
			isa = PBXResourcesBuildPhase;
			buildActionMask = 2147483647;
			files = (
				6517DFD81E6761C100357663 /* LaunchScreen.storyboard in Resources */,
				6517DFD51E6761C100357663 /* Assets.xcassets in Resources */,
				6517DFD31E6761C100357663 /* Main.storyboard in Resources */,
			);
			runOnlyForDeploymentPostprocessing = 0;
		};
/* End PBXResourcesBuildPhase section */

/* Begin PBXSourcesBuildPhase section */
		6517DFC61E6761C100357663 /* Sources */ = {
			isa = PBXSourcesBuildPhase;
			buildActionMask = 2147483647;
			files = (
				6517DFE21E67727400357663 /* PaniniStore.swift in Sources */,
				6517DFD01E6761C100357663 /* PaniniViewController.swift in Sources */,
				6517DFE01E67649900357663 /* Panini.swift in Sources */,
				6517DFCE1E6761C100357663 /* AppDelegate.swift in Sources */,
			);
			runOnlyForDeploymentPostprocessing = 0;
		};
/* End PBXSourcesBuildPhase section */

/* Begin PBXVariantGroup section */
		6517DFD11E6761C100357663 /* Main.storyboard */ = {
			isa = PBXVariantGroup;
			children = (
				6517DFD21E6761C100357663 /* Base */,
			);
			name = Main.storyboard;
			sourceTree = "<group>";
		};
		6517DFD61E6761C100357663 /* LaunchScreen.storyboard */ = {
			isa = PBXVariantGroup;
			children = (
				6517DFD71E6761C100357663 /* Base */,
			);
			name = LaunchScreen.storyboard;
			sourceTree = "<group>";
		};
/* End PBXVariantGroup section */

/* Begin XCBuildConfiguration section */
		6517DFDA1E6761C100357663 /* Debug */ = {
			isa = XCBuildConfiguration;
			buildSettings = {
				ALWAYS_SEARCH_USER_PATHS = NO;
				CLANG_CXX_LANGUAGE_STANDARD = "gnu++0x";
				CLANG_CXX_LIBRARY = "libc++";
				CLANG_ENABLE_MODULES = YES;
				CLANG_ENABLE_OBJC_ARC = YES;
				CLANG_WARN_BOOL_CONVERSION = YES;
				CLANG_WARN_CONSTANT_CONVERSION = YES;
				CLANG_WARN_DIRECT_OBJC_ISA_USAGE = YES_ERROR;
				CLANG_WARN_EMPTY_BODY = YES;
				CLANG_WARN_ENUM_CONVERSION = YES;
				CLANG_WARN_INT_CONVERSION = YES;
				CLANG_WARN_OBJC_ROOT_CLASS = YES_ERROR;
				CLANG_WARN_UNREACHABLE_CODE = YES;
				CLANG_WARN__DUPLICATE_METHOD_MATCH = YES;
				"CODE_SIGN_IDENTITY[sdk=iphoneos*]" = "iPhone Developer";
				COPY_PHASE_STRIP = NO;
				DEBUG_INFORMATION_FORMAT = dwarf;
				ENABLE_STRICT_OBJC_MSGSEND = YES;
				ENABLE_TESTABILITY = YES;
				GCC_C_LANGUAGE_STANDARD = gnu99;
				GCC_DYNAMIC_NO_PIC = NO;
				GCC_NO_COMMON_BLOCKS = YES;
				GCC_OPTIMIZATION_LEVEL = 0;
				GCC_PREPROCESSOR_DEFINITIONS = (
					"DEBUG=1",
					"$(inherited)",
				);
				GCC_WARN_64_TO_32_BIT_CONVERSION = YES;
				GCC_WARN_ABOUT_RETURN_TYPE = YES_ERROR;
				GCC_WARN_UNDECLARED_SELECTOR = YES;
				GCC_WARN_UNINITIALIZED_AUTOS = YES_AGGRESSIVE;
				GCC_WARN_UNUSED_FUNCTION = YES;
				GCC_WARN_UNUSED_VARIABLE = YES;
				IPHONEOS_DEPLOYMENT_TARGET = 9.1;
				MTL_ENABLE_DEBUG_INFO = YES;
				ONLY_ACTIVE_ARCH = YES;
				SDKROOT = iphoneos;
				SWIFT_OPTIMIZATION_LEVEL = "-Onone";
			};
			name = Debug;
		};
		6517DFDB1E6761C100357663 /* Release */ = {
			isa = XCBuildConfiguration;
			buildSettings = {
				ALWAYS_SEARCH_USER_PATHS = NO;
				CLANG_CXX_LANGUAGE_STANDARD = "gnu++0x";
				CLANG_CXX_LIBRARY = "libc++";
				CLANG_ENABLE_MODULES = YES;
				CLANG_ENABLE_OBJC_ARC = YES;
				CLANG_WARN_BOOL_CONVERSION = YES;
				CLANG_WARN_CONSTANT_CONVERSION = YES;
				CLANG_WARN_DIRECT_OBJC_ISA_USAGE = YES_ERROR;
				CLANG_WARN_EMPTY_BODY = YES;
				CLANG_WARN_ENUM_CONVERSION = YES;
				CLANG_WARN_INT_CONVERSION = YES;
				CLANG_WARN_OBJC_ROOT_CLASS = YES_ERROR;
				CLANG_WARN_UNREACHABLE_CODE = YES;
				CLANG_WARN__DUPLICATE_METHOD_MATCH = YES;
				"CODE_SIGN_IDENTITY[sdk=iphoneos*]" = "iPhone Developer";
				COPY_PHASE_STRIP = NO;
				DEBUG_INFORMATION_FORMAT = "dwarf-with-dsym";
				ENABLE_NS_ASSERTIONS = NO;
				ENABLE_STRICT_OBJC_MSGSEND = YES;
				GCC_C_LANGUAGE_STANDARD = gnu99;
				GCC_NO_COMMON_BLOCKS = YES;
				GCC_WARN_64_TO_32_BIT_CONVERSION = YES;
				GCC_WARN_ABOUT_RETURN_TYPE = YES_ERROR;
				GCC_WARN_UNDECLARED_SELECTOR = YES;
				GCC_WARN_UNINITIALIZED_AUTOS = YES_AGGRESSIVE;
				GCC_WARN_UNUSED_FUNCTION = YES;
				GCC_WARN_UNUSED_VARIABLE = YES;
				IPHONEOS_DEPLOYMENT_TARGET = 9.1;
				MTL_ENABLE_DEBUG_INFO = NO;
				SDKROOT = iphoneos;
				VALIDATE_PRODUCT = YES;
			};
			name = Release;
		};
		6517DFDD1E6761C100357663 /* Debug */ = {
			isa = XCBuildConfiguration;
			buildSettings = {
				ASSETCATALOG_COMPILER_APPICON_NAME = AppIcon;
				INFOPLIST_FILE = "Hot Off the Press/Info.plist";
				LD_RUNPATH_SEARCH_PATHS = "$(inherited) @executable_path/Frameworks";
				PRODUCT_BUNDLE_IDENTIFIER = "Madrigal.Jesus.MAIS.Hot-Off-the-Press";
				PRODUCT_NAME = "$(TARGET_NAME)";
			};
			name = Debug;
		};
		6517DFDE1E6761C100357663 /* Release */ = {
			isa = XCBuildConfiguration;
			buildSettings = {
				ASSETCATALOG_COMPILER_APPICON_NAME = AppIcon;
				INFOPLIST_FILE = "Hot Off the Press/Info.plist";
				LD_RUNPATH_SEARCH_PATHS = "$(inherited) @executable_path/Frameworks";
				PRODUCT_BUNDLE_IDENTIFIER = "Madrigal.Jesus.MAIS.Hot-Off-the-Press";
				PRODUCT_NAME = "$(TARGET_NAME)";
			};
			name = Release;
		};
/* End XCBuildConfiguration section */

/* Begin XCConfigurationList section */
		6517DFC51E6761C100357663 /* Build configuration list for PBXProject "Hot Off the Press" */ = {
			isa = XCConfigurationList;
			buildConfigurations = (
				6517DFDA1E6761C100357663 /* Debug */,
				6517DFDB1E6761C100357663 /* Release */,
			);
			defaultConfigurationIsVisible = 0;
			defaultConfigurationName = Release;
		};
		6517DFDC1E6761C100357663 /* Build configuration list for PBXNativeTarget "Hot Off the Press" */ = {
			isa = XCConfigurationList;
			buildConfigurations = (
				6517DFDD1E6761C100357663 /* Debug */,
				6517DFDE1E6761C100357663 /* Release */,
			);
			defaultConfigurationIsVisible = 0;
		};
/* End XCConfigurationList section */
	};
	rootObject = 6517DFC21E6761C100357663 /* Project object */;
}
